
Microsoft Visual Studio Solution File, Format Version 12.00
# Visual Studio Version 17
VisualStudioVersion = 17.4.33205.214
MinimumVisualStudioVersion = 10.0.40219.1
Project("{FAE04EC0-301F-11D3-BF4B-00C04F79EFBC}") = "HtmlToPdfApiTest", "HtmlToPdfApiTest\HtmlToPdfApiTest.csproj", "{644CB334-609C-4BE8-9DD4-E77EB8B4DDDF}"
EndProject
Global
	GlobalSection(SolutionConfigurationPlatforms) = preSolution
		Debug|Any CPU = Debug|Any CPU
		Release|Any CPU = Release|Any CPU
	EndGlobalSection
	GlobalSection(ProjectConfigurationPlatforms) = postSolution
		{644CB334-609C-4BE8-9DD4-E77EB8B4DDDF}.Debug|Any CPU.ActiveCfg = Debug|Any CPU
		{644CB334-609C-4BE8-9DD4-E77EB8B4DDDF}.Debug|Any CPU.Build.0 = Debug|Any CPU
		{644CB334-609C-4BE8-9DD4-E77EB8B4DDDF}.Release|Any CPU.ActiveCfg = Release|Any CPU
		{644CB334-609C-4BE8-9DD4-E77EB8B4DDDF}.Release|Any CPU.Build.0 = Release|Any CPU
	EndGlobalSection
	GlobalSection(SolutionProperties) = preSolution
		HideSolutionNode = FALSE
	EndGlobalSection
	GlobalSection(ExtensibilityGlobals) = postSolution
		SolutionGuid = {66576541-5FB5-4B15-96A1-8BD8074A3889}
	EndGlobalSection
EndGlobal
